
Microsoft Visual Studio Solution File, Format Version 12.00
# Visual Studio 15
VisualStudioVersion = 15.0.26228.12
MinimumVisualStudioVersion = 10.0.40219.1
Project("{2150E333-8FDC-42A3-9474-1A3956D46DE8}") = "Infrastructure", "Infrastructure", "{4551F15C-CB48-4A6B-8CB4-67CE9F0FA2D4}"
EndProject
Project("{FAE04EC0-301F-11D3-BF4B-00C04F79EFBC}") = "HolidayPooling.Infrastructure", "HolidayPooling.Infrastructure\HolidayPooling.Infrastructure.csproj", "{6C4896B6-30F6-4706-AE5E-E795887E89E0}"
EndProject
Project("{FAE04EC0-301F-11D3-BF4B-00C04F79EFBC}") = "HolidayPooling.Infrastructure.Test", "HolidayPooling.Infrastructure.Test\HolidayPooling.Infrastructure.Test.csproj", "{93E03759-BE09-4A46-995C-CB273EBB7AF4}"
EndProject
Project("{2150E333-8FDC-42A3-9474-1A3956D46DE8}") = "Model", "Model", "{E9EB9517-795D-410D-9DB8-610E21914AC1}"
EndProject
Project("{FAE04EC0-301F-11D3-BF4B-00C04F79EFBC}") = "HolidayPooling.Models", "HolidayPooling.Models\HolidayPooling.Models.csproj", "{E14F5E7D-DA30-4A9C-86DE-C5AED9C64135}"
EndProject
Project("{FAE04EC0-301F-11D3-BF4B-00C04F79EFBC}") = "HolidayPooling.Models.Tests", "HolidayPooling.Models.Tests\HolidayPooling.Models.Tests.csproj", "{71FE773E-2103-4100-A034-46277161101A}"
EndProject
Project("{2150E333-8FDC-42A3-9474-1A3956D46DE8}") = ".nuget", ".nuget", "{5067587F-D6FE-4339-98EF-22DBAEFE629A}"
	ProjectSection(SolutionItems) = preProject
		.nuget\NuGet.Config = .nuget\NuGet.Config
		.nuget\NuGet.exe = .nuget\NuGet.exe
		.nuget\NuGet.targets = .nuget\NuGet.targets
		.nuget\packages.config = .nuget\packages.config
	EndProjectSection
EndProject
Project("{FAE04EC0-301F-11D3-BF4B-00C04F79EFBC}") = "HolidayPooling.DataRepositories", "HolidayPooling.DataRepositories\HolidayPooling.DataRepositories.csproj", "{6EC685C9-4392-495E-AE6E-29AEB4E35439}"
EndProject
Project("{2150E333-8FDC-42A3-9474-1A3956D46DE8}") = "Repository", "Repository", "{EDC53C91-CBDC-4D7C-A866-394E0BB02582}"
EndProject
Project("{FAE04EC0-301F-11D3-BF4B-00C04F79EFBC}") = "HolidayPooling.Tests", "HolidayPooling.Tests\HolidayPooling.Tests.csproj", "{3A420604-1F93-498F-B02B-EF7F62CCC633}"
EndProject
Project("{FAE04EC0-301F-11D3-BF4B-00C04F79EFBC}") = "HolidayPooling.DataRepositories.Tests", "HolidayPooling.DataRepositories.Tests\HolidayPooling.DataRepositories.Tests.csproj", "{B76F178F-CCEF-4A59-9A17-2D580828AC87}"
EndProject
Project("{2150E333-8FDC-42A3-9474-1A3956D46DE8}") = "Services", "Services", "{B8FFF2DE-6659-4CDF-91CA-3176C0293EEA}"
EndProject
Project("{FAE04EC0-301F-11D3-BF4B-00C04F79EFBC}") = "HolidayPooling.Services", "HolidayPooling.Services\HolidayPooling.Services.csproj", "{9CB6F64A-C563-4E9D-86D9-0F45B17AFE14}"
EndProject
Project("{FAE04EC0-301F-11D3-BF4B-00C04F79EFBC}") = "HolidayPooling.Services.Tests", "HolidayPooling.Services.Tests\HolidayPooling.Services.Tests.csproj", "{319B8F10-16DE-494C-9FA8-119A2BAF2079}"
EndProject
Global
	GlobalSection(SolutionConfigurationPlatforms) = preSolution
		Debug|Any CPU = Debug|Any CPU
		Release|Any CPU = Release|Any CPU
	EndGlobalSection
	GlobalSection(ProjectConfigurationPlatforms) = postSolution
		{6C4896B6-30F6-4706-AE5E-E795887E89E0}.Debug|Any CPU.ActiveCfg = Debug|Any CPU
		{6C4896B6-30F6-4706-AE5E-E795887E89E0}.Debug|Any CPU.Build.0 = Debug|Any CPU
		{6C4896B6-30F6-4706-AE5E-E795887E89E0}.Release|Any CPU.ActiveCfg = Release|Any CPU
		{6C4896B6-30F6-4706-AE5E-E795887E89E0}.Release|Any CPU.Build.0 = Release|Any CPU
		{93E03759-BE09-4A46-995C-CB273EBB7AF4}.Debug|Any CPU.ActiveCfg = Debug|Any CPU
		{93E03759-BE09-4A46-995C-CB273EBB7AF4}.Debug|Any CPU.Build.0 = Debug|Any CPU
		{93E03759-BE09-4A46-995C-CB273EBB7AF4}.Release|Any CPU.ActiveCfg = Release|Any CPU
		{93E03759-BE09-4A46-995C-CB273EBB7AF4}.Release|Any CPU.Build.0 = Release|Any CPU
		{E14F5E7D-DA30-4A9C-86DE-C5AED9C64135}.Debug|Any CPU.ActiveCfg = Debug|Any CPU
		{E14F5E7D-DA30-4A9C-86DE-C5AED9C64135}.Debug|Any CPU.Build.0 = Debug|Any CPU
		{E14F5E7D-DA30-4A9C-86DE-C5AED9C64135}.Release|Any CPU.ActiveCfg = Release|Any CPU
		{E14F5E7D-DA30-4A9C-86DE-C5AED9C64135}.Release|Any CPU.Build.0 = Release|Any CPU
		{71FE773E-2103-4100-A034-46277161101A}.Debug|Any CPU.ActiveCfg = Debug|Any CPU
		{71FE773E-2103-4100-A034-46277161101A}.Debug|Any CPU.Build.0 = Debug|Any CPU
		{71FE773E-2103-4100-A034-46277161101A}.Release|Any CPU.ActiveCfg = Release|Any CPU
		{71FE773E-2103-4100-A034-46277161101A}.Release|Any CPU.Build.0 = Release|Any CPU
		{6EC685C9-4392-495E-AE6E-29AEB4E35439}.Debug|Any CPU.ActiveCfg = Debug|Any CPU
		{6EC685C9-4392-495E-AE6E-29AEB4E35439}.Debug|Any CPU.Build.0 = Debug|Any CPU
		{6EC685C9-4392-495E-AE6E-29AEB4E35439}.Release|Any CPU.ActiveCfg = Release|Any CPU
		{6EC685C9-4392-495E-AE6E-29AEB4E35439}.Release|Any CPU.Build.0 = Release|Any CPU
		{3A420604-1F93-498F-B02B-EF7F62CCC633}.Debug|Any CPU.ActiveCfg = Debug|Any CPU
		{3A420604-1F93-498F-B02B-EF7F62CCC633}.Debug|Any CPU.Build.0 = Debug|Any CPU
		{3A420604-1F93-498F-B02B-EF7F62CCC633}.Release|Any CPU.ActiveCfg = Release|Any CPU
		{3A420604-1F93-498F-B02B-EF7F62CCC633}.Release|Any CPU.Build.0 = Release|Any CPU
		{B76F178F-CCEF-4A59-9A17-2D580828AC87}.Debug|Any CPU.ActiveCfg = Debug|Any CPU
		{B76F178F-CCEF-4A59-9A17-2D580828AC87}.Debug|Any CPU.Build.0 = Debug|Any CPU
		{B76F178F-CCEF-4A59-9A17-2D580828AC87}.Release|Any CPU.ActiveCfg = Release|Any CPU
		{B76F178F-CCEF-4A59-9A17-2D580828AC87}.Release|Any CPU.Build.0 = Release|Any CPU
		{9CB6F64A-C563-4E9D-86D9-0F45B17AFE14}.Debug|Any CPU.ActiveCfg = Debug|Any CPU
		{9CB6F64A-C563-4E9D-86D9-0F45B17AFE14}.Debug|Any CPU.Build.0 = Debug|Any CPU
		{9CB6F64A-C563-4E9D-86D9-0F45B17AFE14}.Release|Any CPU.ActiveCfg = Release|Any CPU
		{9CB6F64A-C563-4E9D-86D9-0F45B17AFE14}.Release|Any CPU.Build.0 = Release|Any CPU
		{319B8F10-16DE-494C-9FA8-119A2BAF2079}.Debug|Any CPU.ActiveCfg = Debug|Any CPU
		{319B8F10-16DE-494C-9FA8-119A2BAF2079}.Debug|Any CPU.Build.0 = Debug|Any CPU
		{319B8F10-16DE-494C-9FA8-119A2BAF2079}.Release|Any CPU.ActiveCfg = Release|Any CPU
		{319B8F10-16DE-494C-9FA8-119A2BAF2079}.Release|Any CPU.Build.0 = Release|Any CPU
	EndGlobalSection
	GlobalSection(SolutionProperties) = preSolution
		HideSolutionNode = FALSE
	EndGlobalSection
	GlobalSection(NestedProjects) = preSolution
		{6C4896B6-30F6-4706-AE5E-E795887E89E0} = {4551F15C-CB48-4A6B-8CB4-67CE9F0FA2D4}
		{93E03759-BE09-4A46-995C-CB273EBB7AF4} = {4551F15C-CB48-4A6B-8CB4-67CE9F0FA2D4}
		{E14F5E7D-DA30-4A9C-86DE-C5AED9C64135} = {E9EB9517-795D-410D-9DB8-610E21914AC1}
		{71FE773E-2103-4100-A034-46277161101A} = {E9EB9517-795D-410D-9DB8-610E21914AC1}
		{6EC685C9-4392-495E-AE6E-29AEB4E35439} = {EDC53C91-CBDC-4D7C-A866-394E0BB02582}
		{3A420604-1F93-498F-B02B-EF7F62CCC633} = {4551F15C-CB48-4A6B-8CB4-67CE9F0FA2D4}
		{B76F178F-CCEF-4A59-9A17-2D580828AC87} = {EDC53C91-CBDC-4D7C-A866-394E0BB02582}
		{9CB6F64A-C563-4E9D-86D9-0F45B17AFE14} = {B8FFF2DE-6659-4CDF-91CA-3176C0293EEA}
		{319B8F10-16DE-494C-9FA8-119A2BAF2079} = {B8FFF2DE-6659-4CDF-91CA-3176C0293EEA}
	EndGlobalSection
EndGlobal
